
Microsoft Visual Studio Solution File, Format Version 12.00
# Visual Studio Version 16
VisualStudioVersion = 16.0.31205.134
MinimumVisualStudioVersion = 10.0.40219.1
Project("{FAE04EC0-301F-11D3-BF4B-00C04F79EFBC}") = "MyBookApi", "MyBookApi.csproj", "{BDD9DFB7-E075-4F64-9C07-A8B7F37E55BB}"
EndProject
Global
	GlobalSection(SolutionConfigurationPlatforms) = preSolution
		Debug|Any CPU = Debug|Any CPU
		Release|Any CPU = Release|Any CPU
	EndGlobalSection
	GlobalSection(ProjectConfigurationPlatforms) = postSolution
		{BDD9DFB7-E075-4F64-9C07-A8B7F37E55BB}.Debug|Any CPU.ActiveCfg = Debug|Any CPU
		{BDD9DFB7-E075-4F64-9C07-A8B7F37E55BB}.Debug|Any CPU.Build.0 = Debug|Any CPU
		{BDD9DFB7-E075-4F64-9C07-A8B7F37E55BB}.Release|Any CPU.ActiveCfg = Release|Any CPU
		{BDD9DFB7-E075-4F64-9C07-A8B7F37E55BB}.Release|Any CPU.Build.0 = Release|Any CPU
	EndGlobalSection
	GlobalSection(SolutionProperties) = preSolution
		HideSolutionNode = FALSE
	EndGlobalSection
	GlobalSection(ExtensibilityGlobals) = postSolution
		SolutionGuid = {850DC4FC-F0E0-43D1-9540-73A4EEFB3E07}
	EndGlobalSection
EndGlobal
